
Microsoft Visual Studio Solution File, Format Version 12.00
# Visual Studio 14
VisualStudioVersion = 14.0.25420.1
MinimumVisualStudioVersion = 10.0.40219.1
Project("{2150E333-8FDC-42A3-9474-1A3956D46DE8}") = "src", "src", "{3DE53A06-F5EB-47EA-81B7-ED5E776A6F27}"
EndProject
Project("{8BB2217D-0F2D-49D1-97BC-3654ED321F3B}") = "AzureArchive.Web", "src\web\AzureArchive.Web\AzureArchive.Web.xproj", "{234EFD51-91B8-44AD-BC22-B27280D08E06}"
EndProject
Project("{2150E333-8FDC-42A3-9474-1A3956D46DE8}") = "web", "web", "{502AB0D2-3024-4B4F-A7DB-F9E83DC2E2E4}"
EndProject
Global
	GlobalSection(SolutionConfigurationPlatforms) = preSolution
		Debug|Any CPU = Debug|Any CPU
		Release|Any CPU = Release|Any CPU
	EndGlobalSection
	GlobalSection(ProjectConfigurationPlatforms) = postSolution
		{234EFD51-91B8-44AD-BC22-B27280D08E06}.Debug|Any CPU.ActiveCfg = Debug|Any CPU
		{234EFD51-91B8-44AD-BC22-B27280D08E06}.Debug|Any CPU.Build.0 = Debug|Any CPU
		{234EFD51-91B8-44AD-BC22-B27280D08E06}.Release|Any CPU.ActiveCfg = Release|Any CPU
		{234EFD51-91B8-44AD-BC22-B27280D08E06}.Release|Any CPU.Build.0 = Release|Any CPU
	EndGlobalSection
	GlobalSection(SolutionProperties) = preSolution
		HideSolutionNode = FALSE
	EndGlobalSection
	GlobalSection(NestedProjects) = preSolution
		{234EFD51-91B8-44AD-BC22-B27280D08E06} = {502AB0D2-3024-4B4F-A7DB-F9E83DC2E2E4}
		{502AB0D2-3024-4B4F-A7DB-F9E83DC2E2E4} = {3DE53A06-F5EB-47EA-81B7-ED5E776A6F27}
	EndGlobalSection
EndGlobal
